
Microsoft Visual Studio Solution File, Format Version 12.00
# Visual Studio Version 17
VisualStudioVersion = 17.3.32901.215
MinimumVisualStudioVersion = 10.0.40219.1
Project("{FAE04EC0-301F-11D3-BF4B-00C04F79EFBC}") = "assignment5_yevhenii", "assignment5_yevhenii\assignment5_yevhenii.csproj", "{45A50CD4-5D7F-400B-A835-10C89E0B0D59}"
EndProject
Global
	GlobalSection(SolutionConfigurationPlatforms) = preSolution
		Debug|Any CPU = Debug|Any CPU
		Release|Any CPU = Release|Any CPU
	EndGlobalSection
	GlobalSection(ProjectConfigurationPlatforms) = postSolution
		{45A50CD4-5D7F-400B-A835-10C89E0B0D59}.Debug|Any CPU.ActiveCfg = Debug|Any CPU
		{45A50CD4-5D7F-400B-A835-10C89E0B0D59}.Debug|Any CPU.Build.0 = Debug|Any CPU
		{45A50CD4-5D7F-400B-A835-10C89E0B0D59}.Release|Any CPU.ActiveCfg = Release|Any CPU
		{45A50CD4-5D7F-400B-A835-10C89E0B0D59}.Release|Any CPU.Build.0 = Release|Any CPU
	EndGlobalSection
	GlobalSection(SolutionProperties) = preSolution
		HideSolutionNode = FALSE
	EndGlobalSection
	GlobalSection(ExtensibilityGlobals) = postSolution
		SolutionGuid = {3E489ED8-182D-4280-8475-0EC1E4556318}
	EndGlobalSection
EndGlobal
